
Microsoft Visual Studio Solution File, Format Version 12.00
# Visual Studio Version 17
VisualStudioVersion = 17.9.34622.214
MinimumVisualStudioVersion = 10.0.40219.1
Project("{FAE04EC0-301F-11D3-BF4B-00C04F79EFBC}") = "FieldVePropertyler", "FatihCakirogluUdemyC#\FieldVePropertyler.csproj", "{C531BE6C-46C7-4157-B34A-C28C3ADFB0E0}"
EndProject
Project("{FAE04EC0-301F-11D3-BF4B-00C04F79EFBC}") = "AccessModifiers-ErisimBelirleyiciler", "AccessModifiers-ErisimBelirleyiciler\AccessModifiers-ErisimBelirleyiciler.csproj", "{53B1E25F-959E-4C7D-8005-C91E80F75E1C}"
EndProject
Project("{FAE04EC0-301F-11D3-BF4B-00C04F79EFBC}") = "Matematik", "Matematik\Matematik.csproj", "{B75554AC-AC2F-4CA9-81A5-B5EEC72FC4A3}"
EndProject
Project("{2150E333-8FDC-42A3-9474-1A3956D46DE8}") = "Notlar", "Notlar", "{21EF0AFB-3E84-4D1B-82F8-F64675DFBE21}"
	ProjectSection(SolutionItems) = preProject
		Notlar.txt = Notlar.txt
	EndProjectSection
EndProject
Project("{FAE04EC0-301F-11D3-BF4B-00C04F79EFBC}") = "TipDonusumleri", "TipDonusumleri\TipDonusumleri.csproj", "{B9D152D8-4BA1-42A1-BF6D-9DF923179279}"
EndProject
Project("{FAE04EC0-301F-11D3-BF4B-00C04F79EFBC}") = "VeriTipleri", "ValueTypeVeriTipleri\VeriTipleri.csproj", "{5E0C6A40-3C3E-4292-B7CB-A526D3E602AA}"
EndProject
Project("{FAE04EC0-301F-11D3-BF4B-00C04F79EFBC}") = "Boxing-UnBoxing", "Boxing-UnBoxing\Boxing-UnBoxing.csproj", "{A30834FD-1325-423D-94F5-A0B945ED2D8E}"
EndProject
Project("{FAE04EC0-301F-11D3-BF4B-00C04F79EFBC}") = "CastingIslemi", "CastingIslemi\CastingIslemi.csproj", "{D582270F-E779-4E25-A3E1-509BCFE921F1}"
EndProject
Project("{FAE04EC0-301F-11D3-BF4B-00C04F79EFBC}") = "ParseVeTryParseMetotlari", "ParseVeTryParseMetotlari\ParseVeTryParseMetotlari.csproj", "{8B380ADF-A9D6-44A1-BEC1-90A904ADC5EB}"
EndProject
Project("{FAE04EC0-301F-11D3-BF4B-00C04F79EFBC}") = "IsVeAsOperatorleri", "IsVeAsOperatorleri\IsVeAsOperatorleri.csproj", "{B86FCE1F-7B89-401F-922C-AD6AA256872E}"
EndProject
Project("{FAE04EC0-301F-11D3-BF4B-00C04F79EFBC}") = "ConstKeyword", "ConstKeyword\ConstKeyword.csproj", "{26680629-2F32-48FD-8F62-2BAA9F947B60}"
EndProject
Project("{FAE04EC0-301F-11D3-BF4B-00C04F79EFBC}") = "ConstVeReadOnlyArasindakiFarklar", "ConstVeReadOnlyArasindakiFarklar\ConstVeReadOnlyArasindakiFarklar.csproj", "{355AADE4-B0BD-471E-8238-91CD8DB96EF4}"
EndProject
Project("{2150E333-8FDC-42A3-9474-1A3956D46DE8}") = "GenelSorularVeCevaplar-1", "GenelSorularVeCevaplar-1", "{30312FAC-0296-467F-B9F0-EA9EEEA15F4E}"
EndProject
Project("{2150E333-8FDC-42A3-9474-1A3956D46DE8}") = "Class&Struct", "Class&Struct", "{6CC21574-6963-4EA9-8D3B-C1604D22C20A}"
EndProject
Project("{FAE04EC0-301F-11D3-BF4B-00C04F79EFBC}") = "ClassIleStructArasindakiFarklarNelerdir", "ClassIleStructArasindakiFarklarNelerdir\ClassIleStructArasindakiFarklarNelerdir.csproj", "{F8A49B3F-706D-4594-973F-CE1400A42043}"
EndProject
Project("{FAE04EC0-301F-11D3-BF4B-00C04F79EFBC}") = "ClasslarinDefaultConstructorlariNeZamanIptalOlur", "ClasslarinDefaultConstructorlariNeZamanIptalOlur\ClasslarinDefaultConstructorlariNeZamanIptalOlur.csproj", "{A2443511-BC85-4F65-948F-8BACF1ED7615}"
EndProject
Project("{FAE04EC0-301F-11D3-BF4B-00C04F79EFBC}") = "NestedTypeNedir", "NestedTypeNedir\NestedTypeNedir.csproj", "{27D80C72-29B5-4DFA-9C2F-31B5F25AD5C9}"
EndProject
Project("{FAE04EC0-301F-11D3-BF4B-00C04F79EFBC}") = "CsharpBirdenFazlaSinifiMirasAlmayiDesteklerMi", "CsharpBirdenFazlaSinifiMirasAlmayiDesteklerMi\CsharpBirdenFazlaSinifiMirasAlmayiDesteklerMi.csproj", "{6694CAD6-11A3-4E48-8ECB-C50B8ADE9591}"
EndProject
Project("{2150E333-8FDC-42A3-9474-1A3956D46DE8}") = "Interface", "Interface", "{60F8AD66-CDA0-449C-A82B-C807DE43D58D}"
EndProject
Project("{FAE04EC0-301F-11D3-BF4B-00C04F79EFBC}") = "InterfaceNedir", "InterfaceNedir\InterfaceNedir.csproj", "{5E069BD0-D361-4CFA-9FED-7065EE3E777A}"
EndProject
Project("{FAE04EC0-301F-11D3-BF4B-00C04F79EFBC}") = "BirInterfaceDigerBirInterfacedenMirasAlabilirmi", "BirInterfaceDigerBirInterfacedenMirasAlabilirmi\BirInterfaceDigerBirInterfacedenMirasAlabilirmi.csproj", "{4C2AE594-8C2B-4A73-AD33-0E5411D30A8B}"
EndProject
Project("{FAE04EC0-301F-11D3-BF4B-00C04F79EFBC}") = "BirInterfacedenNesneOrnegiAlabilirmiyiz", "BirInterfacedenNesneOrnegiAlabilirmiyiz\BirInterfacedenNesneOrnegiAlabilirmiyiz.csproj", "{3E4F50FE-FF09-4328-B5A3-F93B5D21E69C}"
EndProject
Project("{FAE04EC0-301F-11D3-BF4B-00C04F79EFBC}") = "BirInterfaceUyesiniExplicitOlarakImplementEtmekNeDemektir", "BirInterfaceUyesiniExplicitOlarakImplementEtmekNeDemektir\BirInterfaceUyesiniExplicitOlarakImplementEtmekNeDemektir.csproj", "{89DE277C-8413-4B0F-9FC2-167545BC9EB2}"
EndProject
Project("{2150E333-8FDC-42A3-9474-1A3956D46DE8}") = "Abstract", "Abstract", "{BF6190C7-AB5C-4DDC-95F7-EC8383E92F33}"
EndProject
Project("{FAE04EC0-301F-11D3-BF4B-00C04F79EFBC}") = "AbstractClassNedir", "AbstractClassNedir\AbstractClassNedir.csproj", "{DA20AF7B-7A7C-460E-961A-1A7B591AA31C}"
EndProject
Project("{FAE04EC0-301F-11D3-BF4B-00C04F79EFBC}") = "AbstractClasslardanNesneOrnegiAlinabilirMi", "AbstractClasslardanNesneOrnegiAlinabilirMi\AbstractClasslardanNesneOrnegiAlinabilirMi.csproj", "{288DFB59-D727-49CF-BEF0-1BD676AF1FC2}"
EndProject
Project("{FAE04EC0-301F-11D3-BF4B-00C04F79EFBC}") = "AbstractClasslarIcerisindeNeTurYapilarTanimlanabilir", "AbstractClasslarIcerisindeNeTurYapilarTanimlanabilir\AbstractClasslarIcerisindeNeTurYapilarTanimlanabilir.csproj", "{B91663B8-1E42-4316-A7B4-399DC0EE8E1F}"
EndProject
Project("{FAE04EC0-301F-11D3-BF4B-00C04F79EFBC}") = "SoyutSinifStaticOlarakIsaretlenebilirMi", "SoyutSinifStaticOlarakIsaretlenebilirMi\SoyutSinifStaticOlarakIsaretlenebilirMi.csproj", "{9FB38AB2-B2C5-4E66-B318-D42C45F4B03F}"
EndProject
Project("{FAE04EC0-301F-11D3-BF4B-00C04F79EFBC}") = "AbstractClasslarConstructorlaraSahipOlabilirMiOlabilirseKullanimAmaciNedir", "AbstractClasslarConstructorlaraSahipOlabilirMiOlabilirseKullanimAmaciNedir\AbstractClasslarConstructorlaraSahipOlabilirMiOlabilirseKullanimAmaciNedir.csproj", "{44818718-60DA-4D52-A36D-F5F51D2D703B}"
EndProject
Project("{FAE04EC0-301F-11D3-BF4B-00C04F79EFBC}") = "BirClassAbstractOlarakNeZamanDeclareEdilmelidir", "BirClassAbstractOlarakNeZamanDeclareEdilmelidir\BirClassAbstractOlarakNeZamanDeclareEdilmelidir.csproj", "{D7A87938-A409-43BB-81FA-BA6F6E4D11F1}"
EndProject
Project("{FAE04EC0-301F-11D3-BF4B-00C04F79EFBC}") = "InterfaceileAbstractArasindakiFarkNelerdir", "InterfaceileAbstractArasindakiFarkNelerdir\InterfaceileAbstractArasindakiFarkNelerdir.csproj", "{DD606FA3-CBD9-4B73-BE32-6AE8DB7C7D1D}"
EndProject
Project("{2150E333-8FDC-42A3-9474-1A3956D46DE8}") = "Virtual", "Virtual", "{26F00870-1449-41A7-8D53-CF2B1ED0DE34}"
EndProject
Project("{FAE04EC0-301F-11D3-BF4B-00C04F79EFBC}") = "VirtualMethodNedir", "VirtualMethodNedir\VirtualMethodNedir.csproj", "{6A9B9081-43F7-4536-9A7C-5B5EFEAAB9C4}"
EndProject
Project("{FAE04EC0-301F-11D3-BF4B-00C04F79EFBC}") = "VirtualPropertyNedir", "VirtualPropertyNedir\VirtualPropertyNedir.csproj", "{F86F8B39-E757-463B-A3F1-5323CF17893B}"
EndProject
Project("{FAE04EC0-301F-11D3-BF4B-00C04F79EFBC}") = "VirtualMethodIleAbstractMethodArasindakiFarkNedir", "VirtualMethodIleAbstractMethodArasindakiFarkNedir\VirtualMethodIleAbstractMethodArasindakiFarkNedir.csproj", "{C26D76EF-E534-45D6-B47F-D02D76BA21B8}"
EndProject
Project("{FAE04EC0-301F-11D3-BF4B-00C04F79EFBC}") = "ChildClassdanParentClassUyeleriniNeZamanOverrideEdebiliriz", "ChildClassdanParentClassUyeleriniNeZamanOverrideEdebiliriz\ChildClassdanParentClassUyeleriniNeZamanOverrideEdebiliriz.csproj", "{29E6D3FB-DF30-407C-BC08-3E50A5B610B4}"
EndProject
Project("{2150E333-8FDC-42A3-9474-1A3956D46DE8}") = "Sealed", "Sealed", "{B48FBC4F-8DA8-4F7D-AB5E-3D285B2FDE04}"
EndProject
Project("{FAE04EC0-301F-11D3-BF4B-00C04F79EFBC}") = "SealedClassNedir", "SealedClassNedir\SealedClassNedir.csproj", "{6B32BD87-6D82-4C73-A78D-5BB5331C870D}"
EndProject
Project("{FAE04EC0-301F-11D3-BF4B-00C04F79EFBC}") = "SealedMethodNedir", "SealedMethodNedir\SealedMethodNedir.csproj", "{B4986186-846C-4A34-8F4B-E353AC76A9FC}"
EndProject
Project("{2150E333-8FDC-42A3-9474-1A3956D46DE8}") = "Constructor", "Constructor", "{2276029A-8EF2-4921-9D54-B78266CB8405}"
EndProject
Project("{FAE04EC0-301F-11D3-BF4B-00C04F79EFBC}") = "ConstructorNedir", "ConstructorNedir\ConstructorNedir.csproj", "{4E362667-9B14-4243-A59C-054BF5070876}"
EndProject
Project("{FAE04EC0-301F-11D3-BF4B-00C04F79EFBC}") = "KacCesitConstructorVardırDefaultConstructorNedir", "KacCesitConstructorVardırDefaultConstructorNedir\KacCesitConstructorVardırDefaultConstructorNedir.csproj", "{64733D7B-B4DF-4EB0-9DFA-8F13C51687A1}"
EndProject
Project("{FAE04EC0-301F-11D3-BF4B-00C04F79EFBC}") = "ParameterizedConstructorNedir", "ParameterizedConstructorNedir\ParameterizedConstructorNedir.csproj", "{7C322350-620F-4024-B371-AC8A3B27FA1E}"
EndProject
Project("{FAE04EC0-301F-11D3-BF4B-00C04F79EFBC}") = "CopyConstructorNedir", "CopyConstructorNedir\CopyConstructorNedir.csproj", "{7D8D7BB0-3D45-4D56-B9DC-FE70299409F9}"
EndProject
Project("{FAE04EC0-301F-11D3-BF4B-00C04F79EFBC}") = "StaticConstructorNedir", "StaticConstructorNedir\StaticConstructorNedir.csproj", "{DE3A5156-C1E2-4CF4-9477-A2C6AB880B2B}"
EndProject
Project("{FAE04EC0-301F-11D3-BF4B-00C04F79EFBC}") = "PrivateConstructorNedir", "PrivateConstructorNedir\PrivateConstructorNedir.csproj", "{80AB7F2A-E046-4E54-ACE7-DAD306AE404C}"
EndProject
Project("{FAE04EC0-301F-11D3-BF4B-00C04F79EFBC}") = "BirChildClassParentClassConstructorlariniCagirabilirmi", "BirChildClassParentClassConstructorlariniCagirabilirmi\BirChildClassParentClassConstructorlariniCagirabilirmi.csproj", "{B4035083-0071-47D5-9AED-62A55A0083A4}"
EndProject
Project("{FAE04EC0-301F-11D3-BF4B-00C04F79EFBC}") = "StaticConstructorlarHerhangiBirParametreAlabilirMi", "StaticConstructorlarHerhangiBirParametreAlabilirMi\StaticConstructorlarHerhangiBirParametreAlabilirMi.csproj", "{BE44089D-4655-4209-A880-47DDA413068E}"
EndProject
Project("{2150E333-8FDC-42A3-9474-1A3956D46DE8}") = "PartialClass", "PartialClass", "{C07E5D74-28C0-4574-9DED-2434ED8E6A15}"
EndProject
Project("{FAE04EC0-301F-11D3-BF4B-00C04F79EFBC}") = "PartialClassNedir", "PartialClassNedir\PartialClassNedir.csproj", "{6076994B-1C76-46B9-8FAE-A0107FEAB9FA}"
EndProject
Project("{FAE04EC0-301F-11D3-BF4B-00C04F79EFBC}") = "PartialClasslarinFrklBölümleriFrklInterfacelerImplmntEdeblrMi", "PartialClasslarinFrklBölümleriFrklInterfacelerImplmntEdeblrMi\PartialClasslarinFrklBölümleriFrklInterfacelerImplmntEdeblrMi.csproj", "{95EE3D41-F47B-4D1B-968E-AD4E5095027C}"
EndProject
Project("{FAE04EC0-301F-11D3-BF4B-00C04F79EFBC}") = "PartialStructInterfaceMethodOlusturmakMumkunMu", "PartialStructInterfaceMethodOlusturmakMumkunMu\PartialStructInterfaceMethodOlusturmakMumkunMu.csproj", "{BDADDBFE-1E89-48A1-85E9-9B2A4E93845C}"
EndProject
Project("{FAE04EC0-301F-11D3-BF4B-00C04F79EFBC}") = "PartialMethodlarNasilOlusturulur", "PartialMethodlarNasilOlusturulur\PartialMethodlarNasilOlusturulur.csproj", "{D861723A-82D4-481C-A8EF-51FFAB93176B}"
EndProject
Project("{2150E333-8FDC-42A3-9474-1A3956D46DE8}") = "Delegate", "Delegate", "{6E6E9D8F-DFB0-43DF-958D-87D6D9F69021}"
EndProject
Project("{FAE04EC0-301F-11D3-BF4B-00C04F79EFBC}") = "DelegateNedir", "DelegateNedir\DelegateNedir.csproj", "{BD35DA39-D3D6-4266-9850-2A7AFEA5529C}"
EndProject
Project("{FAE04EC0-301F-11D3-BF4B-00C04F79EFBC}") = "DelegateKullanilmasiOrnek", "DelegateKullanilmasiOrnek\DelegateKullanilmasiOrnek.csproj", "{4F0FA424-86F0-4629-86B4-2D24B8D3FECF}"
EndProject
Global
	GlobalSection(SolutionConfigurationPlatforms) = preSolution
		Debug|Any CPU = Debug|Any CPU
		Release|Any CPU = Release|Any CPU
	EndGlobalSection
	GlobalSection(ProjectConfigurationPlatforms) = postSolution
		{C531BE6C-46C7-4157-B34A-C28C3ADFB0E0}.Debug|Any CPU.ActiveCfg = Debug|Any CPU
		{C531BE6C-46C7-4157-B34A-C28C3ADFB0E0}.Debug|Any CPU.Build.0 = Debug|Any CPU
		{C531BE6C-46C7-4157-B34A-C28C3ADFB0E0}.Release|Any CPU.ActiveCfg = Release|Any CPU
		{C531BE6C-46C7-4157-B34A-C28C3ADFB0E0}.Release|Any CPU.Build.0 = Release|Any CPU
		{53B1E25F-959E-4C7D-8005-C91E80F75E1C}.Debug|Any CPU.ActiveCfg = Debug|Any CPU
		{53B1E25F-959E-4C7D-8005-C91E80F75E1C}.Debug|Any CPU.Build.0 = Debug|Any CPU
		{53B1E25F-959E-4C7D-8005-C91E80F75E1C}.Release|Any CPU.ActiveCfg = Release|Any CPU
		{53B1E25F-959E-4C7D-8005-C91E80F75E1C}.Release|Any CPU.Build.0 = Release|Any CPU
		{B75554AC-AC2F-4CA9-81A5-B5EEC72FC4A3}.Debug|Any CPU.ActiveCfg = Debug|Any CPU
		{B75554AC-AC2F-4CA9-81A5-B5EEC72FC4A3}.Debug|Any CPU.Build.0 = Debug|Any CPU
		{B75554AC-AC2F-4CA9-81A5-B5EEC72FC4A3}.Release|Any CPU.ActiveCfg = Release|Any CPU
		{B75554AC-AC2F-4CA9-81A5-B5EEC72FC4A3}.Release|Any CPU.Build.0 = Release|Any CPU
		{B9D152D8-4BA1-42A1-BF6D-9DF923179279}.Debug|Any CPU.ActiveCfg = Debug|Any CPU
		{B9D152D8-4BA1-42A1-BF6D-9DF923179279}.Debug|Any CPU.Build.0 = Debug|Any CPU
		{B9D152D8-4BA1-42A1-BF6D-9DF923179279}.Release|Any CPU.ActiveCfg = Release|Any CPU
		{B9D152D8-4BA1-42A1-BF6D-9DF923179279}.Release|Any CPU.Build.0 = Release|Any CPU
		{5E0C6A40-3C3E-4292-B7CB-A526D3E602AA}.Debug|Any CPU.ActiveCfg = Debug|Any CPU
		{5E0C6A40-3C3E-4292-B7CB-A526D3E602AA}.Debug|Any CPU.Build.0 = Debug|Any CPU
		{5E0C6A40-3C3E-4292-B7CB-A526D3E602AA}.Release|Any CPU.ActiveCfg = Release|Any CPU
		{5E0C6A40-3C3E-4292-B7CB-A526D3E602AA}.Release|Any CPU.Build.0 = Release|Any CPU
		{A30834FD-1325-423D-94F5-A0B945ED2D8E}.Debug|Any CPU.ActiveCfg = Debug|Any CPU
		{A30834FD-1325-423D-94F5-A0B945ED2D8E}.Debug|Any CPU.Build.0 = Debug|Any CPU
		{A30834FD-1325-423D-94F5-A0B945ED2D8E}.Release|Any CPU.ActiveCfg = Release|Any CPU
		{A30834FD-1325-423D-94F5-A0B945ED2D8E}.Release|Any CPU.Build.0 = Release|Any CPU
		{D582270F-E779-4E25-A3E1-509BCFE921F1}.Debug|Any CPU.ActiveCfg = Debug|Any CPU
		{D582270F-E779-4E25-A3E1-509BCFE921F1}.Debug|Any CPU.Build.0 = Debug|Any CPU
		{D582270F-E779-4E25-A3E1-509BCFE921F1}.Release|Any CPU.ActiveCfg = Release|Any CPU
		{D582270F-E779-4E25-A3E1-509BCFE921F1}.Release|Any CPU.Build.0 = Release|Any CPU
		{8B380ADF-A9D6-44A1-BEC1-90A904ADC5EB}.Debug|Any CPU.ActiveCfg = Debug|Any CPU
		{8B380ADF-A9D6-44A1-BEC1-90A904ADC5EB}.Debug|Any CPU.Build.0 = Debug|Any CPU
		{8B380ADF-A9D6-44A1-BEC1-90A904ADC5EB}.Release|Any CPU.ActiveCfg = Release|Any CPU
		{8B380ADF-A9D6-44A1-BEC1-90A904ADC5EB}.Release|Any CPU.Build.0 = Release|Any CPU
		{B86FCE1F-7B89-401F-922C-AD6AA256872E}.Debug|Any CPU.ActiveCfg = Debug|Any CPU
		{B86FCE1F-7B89-401F-922C-AD6AA256872E}.Debug|Any CPU.Build.0 = Debug|Any CPU
		{B86FCE1F-7B89-401F-922C-AD6AA256872E}.Release|Any CPU.ActiveCfg = Release|Any CPU
		{B86FCE1F-7B89-401F-922C-AD6AA256872E}.Release|Any CPU.Build.0 = Release|Any CPU
		{26680629-2F32-48FD-8F62-2BAA9F947B60}.Debug|Any CPU.ActiveCfg = Debug|Any CPU
		{26680629-2F32-48FD-8F62-2BAA9F947B60}.Debug|Any CPU.Build.0 = Debug|Any CPU
		{26680629-2F32-48FD-8F62-2BAA9F947B60}.Release|Any CPU.ActiveCfg = Release|Any CPU
		{26680629-2F32-48FD-8F62-2BAA9F947B60}.Release|Any CPU.Build.0 = Release|Any CPU
		{355AADE4-B0BD-471E-8238-91CD8DB96EF4}.Debug|Any CPU.ActiveCfg = Debug|Any CPU
		{355AADE4-B0BD-471E-8238-91CD8DB96EF4}.Debug|Any CPU.Build.0 = Debug|Any CPU
		{355AADE4-B0BD-471E-8238-91CD8DB96EF4}.Release|Any CPU.ActiveCfg = Release|Any CPU
		{355AADE4-B0BD-471E-8238-91CD8DB96EF4}.Release|Any CPU.Build.0 = Release|Any CPU
		{F8A49B3F-706D-4594-973F-CE1400A42043}.Debug|Any CPU.ActiveCfg = Debug|Any CPU
		{F8A49B3F-706D-4594-973F-CE1400A42043}.Debug|Any CPU.Build.0 = Debug|Any CPU
		{F8A49B3F-706D-4594-973F-CE1400A42043}.Release|Any CPU.ActiveCfg = Release|Any CPU
		{F8A49B3F-706D-4594-973F-CE1400A42043}.Release|Any CPU.Build.0 = Release|Any CPU
		{A2443511-BC85-4F65-948F-8BACF1ED7615}.Debug|Any CPU.ActiveCfg = Debug|Any CPU
		{A2443511-BC85-4F65-948F-8BACF1ED7615}.Debug|Any CPU.Build.0 = Debug|Any CPU
		{A2443511-BC85-4F65-948F-8BACF1ED7615}.Release|Any CPU.ActiveCfg = Release|Any CPU
		{A2443511-BC85-4F65-948F-8BACF1ED7615}.Release|Any CPU.Build.0 = Release|Any CPU
		{27D80C72-29B5-4DFA-9C2F-31B5F25AD5C9}.Debug|Any CPU.ActiveCfg = Debug|Any CPU
		{27D80C72-29B5-4DFA-9C2F-31B5F25AD5C9}.Debug|Any CPU.Build.0 = Debug|Any CPU
		{27D80C72-29B5-4DFA-9C2F-31B5F25AD5C9}.Release|Any CPU.ActiveCfg = Release|Any CPU
		{27D80C72-29B5-4DFA-9C2F-31B5F25AD5C9}.Release|Any CPU.Build.0 = Release|Any CPU
		{6694CAD6-11A3-4E48-8ECB-C50B8ADE9591}.Debug|Any CPU.ActiveCfg = Debug|Any CPU
		{6694CAD6-11A3-4E48-8ECB-C50B8ADE9591}.Debug|Any CPU.Build.0 = Debug|Any CPU
		{6694CAD6-11A3-4E48-8ECB-C50B8ADE9591}.Release|Any CPU.ActiveCfg = Release|Any CPU
		{6694CAD6-11A3-4E48-8ECB-C50B8ADE9591}.Release|Any CPU.Build.0 = Release|Any CPU
		{5E069BD0-D361-4CFA-9FED-7065EE3E777A}.Debug|Any CPU.ActiveCfg = Debug|Any CPU
		{5E069BD0-D361-4CFA-9FED-7065EE3E777A}.Debug|Any CPU.Build.0 = Debug|Any CPU
		{5E069BD0-D361-4CFA-9FED-7065EE3E777A}.Release|Any CPU.ActiveCfg = Release|Any CPU
		{5E069BD0-D361-4CFA-9FED-7065EE3E777A}.Release|Any CPU.Build.0 = Release|Any CPU
		{4C2AE594-8C2B-4A73-AD33-0E5411D30A8B}.Debug|Any CPU.ActiveCfg = Debug|Any CPU
		{4C2AE594-8C2B-4A73-AD33-0E5411D30A8B}.Debug|Any CPU.Build.0 = Debug|Any CPU
		{4C2AE594-8C2B-4A73-AD33-0E5411D30A8B}.Release|Any CPU.ActiveCfg = Release|Any CPU
		{4C2AE594-8C2B-4A73-AD33-0E5411D30A8B}.Release|Any CPU.Build.0 = Release|Any CPU
		{3E4F50FE-FF09-4328-B5A3-F93B5D21E69C}.Debug|Any CPU.ActiveCfg = Debug|Any CPU
		{3E4F50FE-FF09-4328-B5A3-F93B5D21E69C}.Debug|Any CPU.Build.0 = Debug|Any CPU
		{3E4F50FE-FF09-4328-B5A3-F93B5D21E69C}.Release|Any CPU.ActiveCfg = Release|Any CPU
		{3E4F50FE-FF09-4328-B5A3-F93B5D21E69C}.Release|Any CPU.Build.0 = Release|Any CPU
		{89DE277C-8413-4B0F-9FC2-167545BC9EB2}.Debug|Any CPU.ActiveCfg = Debug|Any CPU
		{89DE277C-8413-4B0F-9FC2-167545BC9EB2}.Debug|Any CPU.Build.0 = Debug|Any CPU
		{89DE277C-8413-4B0F-9FC2-167545BC9EB2}.Release|Any CPU.ActiveCfg = Release|Any CPU
		{89DE277C-8413-4B0F-9FC2-167545BC9EB2}.Release|Any CPU.Build.0 = Release|Any CPU
		{DA20AF7B-7A7C-460E-961A-1A7B591AA31C}.Debug|Any CPU.ActiveCfg = Debug|Any CPU
		{DA20AF7B-7A7C-460E-961A-1A7B591AA31C}.Debug|Any CPU.Build.0 = Debug|Any CPU
		{DA20AF7B-7A7C-460E-961A-1A7B591AA31C}.Release|Any CPU.ActiveCfg = Release|Any CPU
		{DA20AF7B-7A7C-460E-961A-1A7B591AA31C}.Release|Any CPU.Build.0 = Release|Any CPU
		{288DFB59-D727-49CF-BEF0-1BD676AF1FC2}.Debug|Any CPU.ActiveCfg = Debug|Any CPU
		{288DFB59-D727-49CF-BEF0-1BD676AF1FC2}.Debug|Any CPU.Build.0 = Debug|Any CPU
		{288DFB59-D727-49CF-BEF0-1BD676AF1FC2}.Release|Any CPU.ActiveCfg = Release|Any CPU
		{288DFB59-D727-49CF-BEF0-1BD676AF1FC2}.Release|Any CPU.Build.0 = Release|Any CPU
		{B91663B8-1E42-4316-A7B4-399DC0EE8E1F}.Debug|Any CPU.ActiveCfg = Debug|Any CPU
		{B91663B8-1E42-4316-A7B4-399DC0EE8E1F}.Debug|Any CPU.Build.0 = Debug|Any CPU
		{B91663B8-1E42-4316-A7B4-399DC0EE8E1F}.Release|Any CPU.ActiveCfg = Release|Any CPU
		{B91663B8-1E42-4316-A7B4-399DC0EE8E1F}.Release|Any CPU.Build.0 = Release|Any CPU
		{9FB38AB2-B2C5-4E66-B318-D42C45F4B03F}.Debug|Any CPU.ActiveCfg = Debug|Any CPU
		{9FB38AB2-B2C5-4E66-B318-D42C45F4B03F}.Debug|Any CPU.Build.0 = Debug|Any CPU
		{9FB38AB2-B2C5-4E66-B318-D42C45F4B03F}.Release|Any CPU.ActiveCfg = Release|Any CPU
		{9FB38AB2-B2C5-4E66-B318-D42C45F4B03F}.Release|Any CPU.Build.0 = Release|Any CPU
		{44818718-60DA-4D52-A36D-F5F51D2D703B}.Debug|Any CPU.ActiveCfg = Debug|Any CPU
		{44818718-60DA-4D52-A36D-F5F51D2D703B}.Debug|Any CPU.Build.0 = Debug|Any CPU
		{44818718-60DA-4D52-A36D-F5F51D2D703B}.Release|Any CPU.ActiveCfg = Release|Any CPU
		{44818718-60DA-4D52-A36D-F5F51D2D703B}.Release|Any CPU.Build.0 = Release|Any CPU
		{D7A87938-A409-43BB-81FA-BA6F6E4D11F1}.Debug|Any CPU.ActiveCfg = Debug|Any CPU
		{D7A87938-A409-43BB-81FA-BA6F6E4D11F1}.Debug|Any CPU.Build.0 = Debug|Any CPU
		{D7A87938-A409-43BB-81FA-BA6F6E4D11F1}.Release|Any CPU.ActiveCfg = Release|Any CPU
		{D7A87938-A409-43BB-81FA-BA6F6E4D11F1}.Release|Any CPU.Build.0 = Release|Any CPU
		{DD606FA3-CBD9-4B73-BE32-6AE8DB7C7D1D}.Debug|Any CPU.ActiveCfg = Debug|Any CPU
		{DD606FA3-CBD9-4B73-BE32-6AE8DB7C7D1D}.Debug|Any CPU.Build.0 = Debug|Any CPU
		{DD606FA3-CBD9-4B73-BE32-6AE8DB7C7D1D}.Release|Any CPU.ActiveCfg = Release|Any CPU
		{DD606FA3-CBD9-4B73-BE32-6AE8DB7C7D1D}.Release|Any CPU.Build.0 = Release|Any CPU
		{6A9B9081-43F7-4536-9A7C-5B5EFEAAB9C4}.Debug|Any CPU.ActiveCfg = Debug|Any CPU
		{6A9B9081-43F7-4536-9A7C-5B5EFEAAB9C4}.Debug|Any CPU.Build.0 = Debug|Any CPU
		{6A9B9081-43F7-4536-9A7C-5B5EFEAAB9C4}.Release|Any CPU.ActiveCfg = Release|Any CPU
		{6A9B9081-43F7-4536-9A7C-5B5EFEAAB9C4}.Release|Any CPU.Build.0 = Release|Any CPU
		{F86F8B39-E757-463B-A3F1-5323CF17893B}.Debug|Any CPU.ActiveCfg = Debug|Any CPU
		{F86F8B39-E757-463B-A3F1-5323CF17893B}.Debug|Any CPU.Build.0 = Debug|Any CPU
		{F86F8B39-E757-463B-A3F1-5323CF17893B}.Release|Any CPU.ActiveCfg = Release|Any CPU
		{F86F8B39-E757-463B-A3F1-5323CF17893B}.Release|Any CPU.Build.0 = Release|Any CPU
		{C26D76EF-E534-45D6-B47F-D02D76BA21B8}.Debug|Any CPU.ActiveCfg = Debug|Any CPU
		{C26D76EF-E534-45D6-B47F-D02D76BA21B8}.Debug|Any CPU.Build.0 = Debug|Any CPU
		{C26D76EF-E534-45D6-B47F-D02D76BA21B8}.Release|Any CPU.ActiveCfg = Release|Any CPU
		{C26D76EF-E534-45D6-B47F-D02D76BA21B8}.Release|Any CPU.Build.0 = Release|Any CPU
		{29E6D3FB-DF30-407C-BC08-3E50A5B610B4}.Debug|Any CPU.ActiveCfg = Debug|Any CPU
		{29E6D3FB-DF30-407C-BC08-3E50A5B610B4}.Debug|Any CPU.Build.0 = Debug|Any CPU
		{29E6D3FB-DF30-407C-BC08-3E50A5B610B4}.Release|Any CPU.ActiveCfg = Release|Any CPU
		{29E6D3FB-DF30-407C-BC08-3E50A5B610B4}.Release|Any CPU.Build.0 = Release|Any CPU
		{6B32BD87-6D82-4C73-A78D-5BB5331C870D}.Debug|Any CPU.ActiveCfg = Debug|Any CPU
		{6B32BD87-6D82-4C73-A78D-5BB5331C870D}.Debug|Any CPU.Build.0 = Debug|Any CPU
		{6B32BD87-6D82-4C73-A78D-5BB5331C870D}.Release|Any CPU.ActiveCfg = Release|Any CPU
		{6B32BD87-6D82-4C73-A78D-5BB5331C870D}.Release|Any CPU.Build.0 = Release|Any CPU
		{B4986186-846C-4A34-8F4B-E353AC76A9FC}.Debug|Any CPU.ActiveCfg = Debug|Any CPU
		{B4986186-846C-4A34-8F4B-E353AC76A9FC}.Debug|Any CPU.Build.0 = Debug|Any CPU
		{B4986186-846C-4A34-8F4B-E353AC76A9FC}.Release|Any CPU.ActiveCfg = Release|Any CPU
		{B4986186-846C-4A34-8F4B-E353AC76A9FC}.Release|Any CPU.Build.0 = Release|Any CPU
		{4E362667-9B14-4243-A59C-054BF5070876}.Debug|Any CPU.ActiveCfg = Debug|Any CPU
		{4E362667-9B14-4243-A59C-054BF5070876}.Debug|Any CPU.Build.0 = Debug|Any CPU
		{4E362667-9B14-4243-A59C-054BF5070876}.Release|Any CPU.ActiveCfg = Release|Any CPU
		{4E362667-9B14-4243-A59C-054BF5070876}.Release|Any CPU.Build.0 = Release|Any CPU
		{64733D7B-B4DF-4EB0-9DFA-8F13C51687A1}.Debug|Any CPU.ActiveCfg = Debug|Any CPU
		{64733D7B-B4DF-4EB0-9DFA-8F13C51687A1}.Debug|Any CPU.Build.0 = Debug|Any CPU
		{64733D7B-B4DF-4EB0-9DFA-8F13C51687A1}.Release|Any CPU.ActiveCfg = Release|Any CPU
		{64733D7B-B4DF-4EB0-9DFA-8F13C51687A1}.Release|Any CPU.Build.0 = Release|Any CPU
		{7C322350-620F-4024-B371-AC8A3B27FA1E}.Debug|Any CPU.ActiveCfg = Debug|Any CPU
		{7C322350-620F-4024-B371-AC8A3B27FA1E}.Debug|Any CPU.Build.0 = Debug|Any CPU
		{7C322350-620F-4024-B371-AC8A3B27FA1E}.Release|Any CPU.ActiveCfg = Release|Any CPU
		{7C322350-620F-4024-B371-AC8A3B27FA1E}.Release|Any CPU.Build.0 = Release|Any CPU
		{7D8D7BB0-3D45-4D56-B9DC-FE70299409F9}.Debug|Any CPU.ActiveCfg = Debug|Any CPU
		{7D8D7BB0-3D45-4D56-B9DC-FE70299409F9}.Debug|Any CPU.Build.0 = Debug|Any CPU
		{7D8D7BB0-3D45-4D56-B9DC-FE70299409F9}.Release|Any CPU.ActiveCfg = Release|Any CPU
		{7D8D7BB0-3D45-4D56-B9DC-FE70299409F9}.Release|Any CPU.Build.0 = Release|Any CPU
		{DE3A5156-C1E2-4CF4-9477-A2C6AB880B2B}.Debug|Any CPU.ActiveCfg = Debug|Any CPU
		{DE3A5156-C1E2-4CF4-9477-A2C6AB880B2B}.Debug|Any CPU.Build.0 = Debug|Any CPU
		{DE3A5156-C1E2-4CF4-9477-A2C6AB880B2B}.Release|Any CPU.ActiveCfg = Release|Any CPU
		{DE3A5156-C1E2-4CF4-9477-A2C6AB880B2B}.Release|Any CPU.Build.0 = Release|Any CPU
		{80AB7F2A-E046-4E54-ACE7-DAD306AE404C}.Debug|Any CPU.ActiveCfg = Debug|Any CPU
		{80AB7F2A-E046-4E54-ACE7-DAD306AE404C}.Debug|Any CPU.Build.0 = Debug|Any CPU
		{80AB7F2A-E046-4E54-ACE7-DAD306AE404C}.Release|Any CPU.ActiveCfg = Release|Any CPU
		{80AB7F2A-E046-4E54-ACE7-DAD306AE404C}.Release|Any CPU.Build.0 = Release|Any CPU
		{B4035083-0071-47D5-9AED-62A55A0083A4}.Debug|Any CPU.ActiveCfg = Debug|Any CPU
		{B4035083-0071-47D5-9AED-62A55A0083A4}.Debug|Any CPU.Build.0 = Debug|Any CPU
		{B4035083-0071-47D5-9AED-62A55A0083A4}.Release|Any CPU.ActiveCfg = Release|Any CPU
		{B4035083-0071-47D5-9AED-62A55A0083A4}.Release|Any CPU.Build.0 = Release|Any CPU
		{BE44089D-4655-4209-A880-47DDA413068E}.Debug|Any CPU.ActiveCfg = Debug|Any CPU
		{BE44089D-4655-4209-A880-47DDA413068E}.Debug|Any CPU.Build.0 = Debug|Any CPU
		{BE44089D-4655-4209-A880-47DDA413068E}.Release|Any CPU.ActiveCfg = Release|Any CPU
		{BE44089D-4655-4209-A880-47DDA413068E}.Release|Any CPU.Build.0 = Release|Any CPU
		{6076994B-1C76-46B9-8FAE-A0107FEAB9FA}.Debug|Any CPU.ActiveCfg = Debug|Any CPU
		{6076994B-1C76-46B9-8FAE-A0107FEAB9FA}.Debug|Any CPU.Build.0 = Debug|Any CPU
		{6076994B-1C76-46B9-8FAE-A0107FEAB9FA}.Release|Any CPU.ActiveCfg = Release|Any CPU
		{6076994B-1C76-46B9-8FAE-A0107FEAB9FA}.Release|Any CPU.Build.0 = Release|Any CPU
		{95EE3D41-F47B-4D1B-968E-AD4E5095027C}.Debug|Any CPU.ActiveCfg = Debug|Any CPU
		{95EE3D41-F47B-4D1B-968E-AD4E5095027C}.Debug|Any CPU.Build.0 = Debug|Any CPU
		{95EE3D41-F47B-4D1B-968E-AD4E5095027C}.Release|Any CPU.ActiveCfg = Release|Any CPU
		{95EE3D41-F47B-4D1B-968E-AD4E5095027C}.Release|Any CPU.Build.0 = Release|Any CPU
		{BDADDBFE-1E89-48A1-85E9-9B2A4E93845C}.Debug|Any CPU.ActiveCfg = Debug|Any CPU
		{BDADDBFE-1E89-48A1-85E9-9B2A4E93845C}.Debug|Any CPU.Build.0 = Debug|Any CPU
		{BDADDBFE-1E89-48A1-85E9-9B2A4E93845C}.Release|Any CPU.ActiveCfg = Release|Any CPU
		{BDADDBFE-1E89-48A1-85E9-9B2A4E93845C}.Release|Any CPU.Build.0 = Release|Any CPU
		{D861723A-82D4-481C-A8EF-51FFAB93176B}.Debug|Any CPU.ActiveCfg = Debug|Any CPU
		{D861723A-82D4-481C-A8EF-51FFAB93176B}.Debug|Any CPU.Build.0 = Debug|Any CPU
		{D861723A-82D4-481C-A8EF-51FFAB93176B}.Release|Any CPU.ActiveCfg = Release|Any CPU
		{D861723A-82D4-481C-A8EF-51FFAB93176B}.Release|Any CPU.Build.0 = Release|Any CPU
		{BD35DA39-D3D6-4266-9850-2A7AFEA5529C}.Debug|Any CPU.ActiveCfg = Debug|Any CPU
		{BD35DA39-D3D6-4266-9850-2A7AFEA5529C}.Debug|Any CPU.Build.0 = Debug|Any CPU
		{BD35DA39-D3D6-4266-9850-2A7AFEA5529C}.Release|Any CPU.ActiveCfg = Release|Any CPU
		{BD35DA39-D3D6-4266-9850-2A7AFEA5529C}.Release|Any CPU.Build.0 = Release|Any CPU
		{4F0FA424-86F0-4629-86B4-2D24B8D3FECF}.Debug|Any CPU.ActiveCfg = Debug|Any CPU
		{4F0FA424-86F0-4629-86B4-2D24B8D3FECF}.Debug|Any CPU.Build.0 = Debug|Any CPU
		{4F0FA424-86F0-4629-86B4-2D24B8D3FECF}.Release|Any CPU.ActiveCfg = Release|Any CPU
		{4F0FA424-86F0-4629-86B4-2D24B8D3FECF}.Release|Any CPU.Build.0 = Release|Any CPU
	EndGlobalSection
	GlobalSection(SolutionProperties) = preSolution
		HideSolutionNode = FALSE
	EndGlobalSection
	GlobalSection(NestedProjects) = preSolution
		{C531BE6C-46C7-4157-B34A-C28C3ADFB0E0} = {30312FAC-0296-467F-B9F0-EA9EEEA15F4E}
		{53B1E25F-959E-4C7D-8005-C91E80F75E1C} = {30312FAC-0296-467F-B9F0-EA9EEEA15F4E}
		{B75554AC-AC2F-4CA9-81A5-B5EEC72FC4A3} = {30312FAC-0296-467F-B9F0-EA9EEEA15F4E}
		{B9D152D8-4BA1-42A1-BF6D-9DF923179279} = {30312FAC-0296-467F-B9F0-EA9EEEA15F4E}
		{5E0C6A40-3C3E-4292-B7CB-A526D3E602AA} = {30312FAC-0296-467F-B9F0-EA9EEEA15F4E}
		{A30834FD-1325-423D-94F5-A0B945ED2D8E} = {30312FAC-0296-467F-B9F0-EA9EEEA15F4E}
		{D582270F-E779-4E25-A3E1-509BCFE921F1} = {30312FAC-0296-467F-B9F0-EA9EEEA15F4E}
		{8B380ADF-A9D6-44A1-BEC1-90A904ADC5EB} = {30312FAC-0296-467F-B9F0-EA9EEEA15F4E}
		{B86FCE1F-7B89-401F-922C-AD6AA256872E} = {30312FAC-0296-467F-B9F0-EA9EEEA15F4E}
		{26680629-2F32-48FD-8F62-2BAA9F947B60} = {30312FAC-0296-467F-B9F0-EA9EEEA15F4E}
		{355AADE4-B0BD-471E-8238-91CD8DB96EF4} = {30312FAC-0296-467F-B9F0-EA9EEEA15F4E}
		{F8A49B3F-706D-4594-973F-CE1400A42043} = {6CC21574-6963-4EA9-8D3B-C1604D22C20A}
		{A2443511-BC85-4F65-948F-8BACF1ED7615} = {6CC21574-6963-4EA9-8D3B-C1604D22C20A}
		{27D80C72-29B5-4DFA-9C2F-31B5F25AD5C9} = {6CC21574-6963-4EA9-8D3B-C1604D22C20A}
		{6694CAD6-11A3-4E48-8ECB-C50B8ADE9591} = {6CC21574-6963-4EA9-8D3B-C1604D22C20A}
		{5E069BD0-D361-4CFA-9FED-7065EE3E777A} = {60F8AD66-CDA0-449C-A82B-C807DE43D58D}
		{4C2AE594-8C2B-4A73-AD33-0E5411D30A8B} = {60F8AD66-CDA0-449C-A82B-C807DE43D58D}
		{3E4F50FE-FF09-4328-B5A3-F93B5D21E69C} = {60F8AD66-CDA0-449C-A82B-C807DE43D58D}
		{89DE277C-8413-4B0F-9FC2-167545BC9EB2} = {60F8AD66-CDA0-449C-A82B-C807DE43D58D}
		{DA20AF7B-7A7C-460E-961A-1A7B591AA31C} = {BF6190C7-AB5C-4DDC-95F7-EC8383E92F33}
		{288DFB59-D727-49CF-BEF0-1BD676AF1FC2} = {BF6190C7-AB5C-4DDC-95F7-EC8383E92F33}
		{B91663B8-1E42-4316-A7B4-399DC0EE8E1F} = {BF6190C7-AB5C-4DDC-95F7-EC8383E92F33}
		{9FB38AB2-B2C5-4E66-B318-D42C45F4B03F} = {BF6190C7-AB5C-4DDC-95F7-EC8383E92F33}
		{44818718-60DA-4D52-A36D-F5F51D2D703B} = {BF6190C7-AB5C-4DDC-95F7-EC8383E92F33}
		{D7A87938-A409-43BB-81FA-BA6F6E4D11F1} = {BF6190C7-AB5C-4DDC-95F7-EC8383E92F33}
		{DD606FA3-CBD9-4B73-BE32-6AE8DB7C7D1D} = {BF6190C7-AB5C-4DDC-95F7-EC8383E92F33}
		{6A9B9081-43F7-4536-9A7C-5B5EFEAAB9C4} = {26F00870-1449-41A7-8D53-CF2B1ED0DE34}
		{F86F8B39-E757-463B-A3F1-5323CF17893B} = {26F00870-1449-41A7-8D53-CF2B1ED0DE34}
		{C26D76EF-E534-45D6-B47F-D02D76BA21B8} = {26F00870-1449-41A7-8D53-CF2B1ED0DE34}
		{29E6D3FB-DF30-407C-BC08-3E50A5B610B4} = {26F00870-1449-41A7-8D53-CF2B1ED0DE34}
		{6B32BD87-6D82-4C73-A78D-5BB5331C870D} = {B48FBC4F-8DA8-4F7D-AB5E-3D285B2FDE04}
		{B4986186-846C-4A34-8F4B-E353AC76A9FC} = {B48FBC4F-8DA8-4F7D-AB5E-3D285B2FDE04}
		{4E362667-9B14-4243-A59C-054BF5070876} = {2276029A-8EF2-4921-9D54-B78266CB8405}
		{64733D7B-B4DF-4EB0-9DFA-8F13C51687A1} = {2276029A-8EF2-4921-9D54-B78266CB8405}
		{7C322350-620F-4024-B371-AC8A3B27FA1E} = {2276029A-8EF2-4921-9D54-B78266CB8405}
		{7D8D7BB0-3D45-4D56-B9DC-FE70299409F9} = {2276029A-8EF2-4921-9D54-B78266CB8405}
		{DE3A5156-C1E2-4CF4-9477-A2C6AB880B2B} = {2276029A-8EF2-4921-9D54-B78266CB8405}
		{80AB7F2A-E046-4E54-ACE7-DAD306AE404C} = {2276029A-8EF2-4921-9D54-B78266CB8405}
		{B4035083-0071-47D5-9AED-62A55A0083A4} = {2276029A-8EF2-4921-9D54-B78266CB8405}
		{BE44089D-4655-4209-A880-47DDA413068E} = {2276029A-8EF2-4921-9D54-B78266CB8405}
		{6076994B-1C76-46B9-8FAE-A0107FEAB9FA} = {C07E5D74-28C0-4574-9DED-2434ED8E6A15}
		{95EE3D41-F47B-4D1B-968E-AD4E5095027C} = {C07E5D74-28C0-4574-9DED-2434ED8E6A15}
		{BDADDBFE-1E89-48A1-85E9-9B2A4E93845C} = {C07E5D74-28C0-4574-9DED-2434ED8E6A15}
		{D861723A-82D4-481C-A8EF-51FFAB93176B} = {C07E5D74-28C0-4574-9DED-2434ED8E6A15}
		{BD35DA39-D3D6-4266-9850-2A7AFEA5529C} = {6E6E9D8F-DFB0-43DF-958D-87D6D9F69021}
		{4F0FA424-86F0-4629-86B4-2D24B8D3FECF} = {6E6E9D8F-DFB0-43DF-958D-87D6D9F69021}
	EndGlobalSection
	GlobalSection(ExtensibilityGlobals) = postSolution
		SolutionGuid = {B509C657-FA2A-4951-84A8-BB97E063CA5C}
	EndGlobalSection
EndGlobal
