
Microsoft Visual Studio Solution File, Format Version 12.00
# Visual Studio Version 17
VisualStudioVersion = 17.9.34622.214
MinimumVisualStudioVersion = 10.0.40219.1
Project("{FAE04EC0-301F-11D3-BF4B-00C04F79EFBC}") = "FieldVePropertyler", "FatihCakirogluUdemyC#\FieldVePropertyler.csproj", "{C531BE6C-46C7-4157-B34A-C28C3ADFB0E0}"
EndProject
Project("{FAE04EC0-301F-11D3-BF4B-00C04F79EFBC}") = "AccessModifiers-ErisimBelirleyiciler", "AccessModifiers-ErisimBelirleyiciler\AccessModifiers-ErisimBelirleyiciler.csproj", "{53B1E25F-959E-4C7D-8005-C91E80F75E1C}"
EndProject
Project("{FAE04EC0-301F-11D3-BF4B-00C04F79EFBC}") = "Matematik", "Matematik\Matematik.csproj", "{B75554AC-AC2F-4CA9-81A5-B5EEC72FC4A3}"
EndProject
Project("{2150E333-8FDC-42A3-9474-1A3956D46DE8}") = "Notlar", "Notlar", "{21EF0AFB-3E84-4D1B-82F8-F64675DFBE21}"
	ProjectSection(SolutionItems) = preProject
		Notlar.txt = Notlar.txt
	EndProjectSection
EndProject
Project("{FAE04EC0-301F-11D3-BF4B-00C04F79EFBC}") = "TipDonusumleri", "TipDonusumleri\TipDonusumleri.csproj", "{B9D152D8-4BA1-42A1-BF6D-9DF923179279}"
EndProject
Project("{FAE04EC0-301F-11D3-BF4B-00C04F79EFBC}") = "VeriTipleri", "ValueTypeVeriTipleri\VeriTipleri.csproj", "{5E0C6A40-3C3E-4292-B7CB-A526D3E602AA}"
EndProject
Project("{FAE04EC0-301F-11D3-BF4B-00C04F79EFBC}") = "Boxing-UnBoxing", "Boxing-UnBoxing\Boxing-UnBoxing.csproj", "{A30834FD-1325-423D-94F5-A0B945ED2D8E}"
EndProject
Project("{FAE04EC0-301F-11D3-BF4B-00C04F79EFBC}") = "CastingIslemi", "CastingIslemi\CastingIslemi.csproj", "{D582270F-E779-4E25-A3E1-509BCFE921F1}"
EndProject
Project("{FAE04EC0-301F-11D3-BF4B-00C04F79EFBC}") = "ParseVeTryParseMetotlari", "ParseVeTryParseMetotlari\ParseVeTryParseMetotlari.csproj", "{8B380ADF-A9D6-44A1-BEC1-90A904ADC5EB}"
EndProject
Project("{FAE04EC0-301F-11D3-BF4B-00C04F79EFBC}") = "IsVeAsOperatorleri", "IsVeAsOperatorleri\IsVeAsOperatorleri.csproj", "{B86FCE1F-7B89-401F-922C-AD6AA256872E}"
EndProject
Project("{FAE04EC0-301F-11D3-BF4B-00C04F79EFBC}") = "ConstKeyword", "ConstKeyword\ConstKeyword.csproj", "{26680629-2F32-48FD-8F62-2BAA9F947B60}"
EndProject
Project("{FAE04EC0-301F-11D3-BF4B-00C04F79EFBC}") = "ConstVeReadOnlyArasindakiFarklar", "ConstVeReadOnlyArasindakiFarklar\ConstVeReadOnlyArasindakiFarklar.csproj", "{355AADE4-B0BD-471E-8238-91CD8DB96EF4}"
EndProject
Project("{2150E333-8FDC-42A3-9474-1A3956D46DE8}") = "GenelSorularVeCevaplar-1", "GenelSorularVeCevaplar-1", "{30312FAC-0296-467F-B9F0-EA9EEEA15F4E}"
EndProject
Project("{2150E333-8FDC-42A3-9474-1A3956D46DE8}") = "Class&Struct", "Class&Struct", "{6CC21574-6963-4EA9-8D3B-C1604D22C20A}"
EndProject
Project("{FAE04EC0-301F-11D3-BF4B-00C04F79EFBC}") = "ClassIleStructArasindakiFarklarNelerdir", "ClassIleStructArasindakiFarklarNelerdir\ClassIleStructArasindakiFarklarNelerdir.csproj", "{F8A49B3F-706D-4594-973F-CE1400A42043}"
EndProject
Project("{FAE04EC0-301F-11D3-BF4B-00C04F79EFBC}") = "ClasslarinDefaultConstructorlariNeZamanIptalOlur", "ClasslarinDefaultConstructorlariNeZamanIptalOlur\ClasslarinDefaultConstructorlariNeZamanIptalOlur.csproj", "{A2443511-BC85-4F65-948F-8BACF1ED7615}"
EndProject
Project("{FAE04EC0-301F-11D3-BF4B-00C04F79EFBC}") = "NestedTypeNedir", "NestedTypeNedir\NestedTypeNedir.csproj", "{27D80C72-29B5-4DFA-9C2F-31B5F25AD5C9}"
EndProject
Project("{FAE04EC0-301F-11D3-BF4B-00C04F79EFBC}") = "CsharpBirdenFazlaSinifiMirasAlmayiDesteklerMi", "CsharpBirdenFazlaSinifiMirasAlmayiDesteklerMi\CsharpBirdenFazlaSinifiMirasAlmayiDesteklerMi.csproj", "{6694CAD6-11A3-4E48-8ECB-C50B8ADE9591}"
EndProject
Global
	GlobalSection(SolutionConfigurationPlatforms) = preSolution
		Debug|Any CPU = Debug|Any CPU
		Release|Any CPU = Release|Any CPU
	EndGlobalSection
	GlobalSection(ProjectConfigurationPlatforms) = postSolution
		{C531BE6C-46C7-4157-B34A-C28C3ADFB0E0}.Debug|Any CPU.ActiveCfg = Debug|Any CPU
		{C531BE6C-46C7-4157-B34A-C28C3ADFB0E0}.Debug|Any CPU.Build.0 = Debug|Any CPU
		{C531BE6C-46C7-4157-B34A-C28C3ADFB0E0}.Release|Any CPU.ActiveCfg = Release|Any CPU
		{C531BE6C-46C7-4157-B34A-C28C3ADFB0E0}.Release|Any CPU.Build.0 = Release|Any CPU
		{53B1E25F-959E-4C7D-8005-C91E80F75E1C}.Debug|Any CPU.ActiveCfg = Debug|Any CPU
		{53B1E25F-959E-4C7D-8005-C91E80F75E1C}.Debug|Any CPU.Build.0 = Debug|Any CPU
		{53B1E25F-959E-4C7D-8005-C91E80F75E1C}.Release|Any CPU.ActiveCfg = Release|Any CPU
		{53B1E25F-959E-4C7D-8005-C91E80F75E1C}.Release|Any CPU.Build.0 = Release|Any CPU
		{B75554AC-AC2F-4CA9-81A5-B5EEC72FC4A3}.Debug|Any CPU.ActiveCfg = Debug|Any CPU
		{B75554AC-AC2F-4CA9-81A5-B5EEC72FC4A3}.Debug|Any CPU.Build.0 = Debug|Any CPU
		{B75554AC-AC2F-4CA9-81A5-B5EEC72FC4A3}.Release|Any CPU.ActiveCfg = Release|Any CPU
		{B75554AC-AC2F-4CA9-81A5-B5EEC72FC4A3}.Release|Any CPU.Build.0 = Release|Any CPU
		{B9D152D8-4BA1-42A1-BF6D-9DF923179279}.Debug|Any CPU.ActiveCfg = Debug|Any CPU
		{B9D152D8-4BA1-42A1-BF6D-9DF923179279}.Debug|Any CPU.Build.0 = Debug|Any CPU
		{B9D152D8-4BA1-42A1-BF6D-9DF923179279}.Release|Any CPU.ActiveCfg = Release|Any CPU
		{B9D152D8-4BA1-42A1-BF6D-9DF923179279}.Release|Any CPU.Build.0 = Release|Any CPU
		{5E0C6A40-3C3E-4292-B7CB-A526D3E602AA}.Debug|Any CPU.ActiveCfg = Debug|Any CPU
		{5E0C6A40-3C3E-4292-B7CB-A526D3E602AA}.Debug|Any CPU.Build.0 = Debug|Any CPU
		{5E0C6A40-3C3E-4292-B7CB-A526D3E602AA}.Release|Any CPU.ActiveCfg = Release|Any CPU
		{5E0C6A40-3C3E-4292-B7CB-A526D3E602AA}.Release|Any CPU.Build.0 = Release|Any CPU
		{A30834FD-1325-423D-94F5-A0B945ED2D8E}.Debug|Any CPU.ActiveCfg = Debug|Any CPU
		{A30834FD-1325-423D-94F5-A0B945ED2D8E}.Debug|Any CPU.Build.0 = Debug|Any CPU
		{A30834FD-1325-423D-94F5-A0B945ED2D8E}.Release|Any CPU.ActiveCfg = Release|Any CPU
		{A30834FD-1325-423D-94F5-A0B945ED2D8E}.Release|Any CPU.Build.0 = Release|Any CPU
		{D582270F-E779-4E25-A3E1-509BCFE921F1}.Debug|Any CPU.ActiveCfg = Debug|Any CPU
		{D582270F-E779-4E25-A3E1-509BCFE921F1}.Debug|Any CPU.Build.0 = Debug|Any CPU
		{D582270F-E779-4E25-A3E1-509BCFE921F1}.Release|Any CPU.ActiveCfg = Release|Any CPU
		{D582270F-E779-4E25-A3E1-509BCFE921F1}.Release|Any CPU.Build.0 = Release|Any CPU
		{8B380ADF-A9D6-44A1-BEC1-90A904ADC5EB}.Debug|Any CPU.ActiveCfg = Debug|Any CPU
		{8B380ADF-A9D6-44A1-BEC1-90A904ADC5EB}.Debug|Any CPU.Build.0 = Debug|Any CPU
		{8B380ADF-A9D6-44A1-BEC1-90A904ADC5EB}.Release|Any CPU.ActiveCfg = Release|Any CPU
		{8B380ADF-A9D6-44A1-BEC1-90A904ADC5EB}.Release|Any CPU.Build.0 = Release|Any CPU
		{B86FCE1F-7B89-401F-922C-AD6AA256872E}.Debug|Any CPU.ActiveCfg = Debug|Any CPU
		{B86FCE1F-7B89-401F-922C-AD6AA256872E}.Debug|Any CPU.Build.0 = Debug|Any CPU
		{B86FCE1F-7B89-401F-922C-AD6AA256872E}.Release|Any CPU.ActiveCfg = Release|Any CPU
		{B86FCE1F-7B89-401F-922C-AD6AA256872E}.Release|Any CPU.Build.0 = Release|Any CPU
		{26680629-2F32-48FD-8F62-2BAA9F947B60}.Debug|Any CPU.ActiveCfg = Debug|Any CPU
		{26680629-2F32-48FD-8F62-2BAA9F947B60}.Debug|Any CPU.Build.0 = Debug|Any CPU
		{26680629-2F32-48FD-8F62-2BAA9F947B60}.Release|Any CPU.ActiveCfg = Release|Any CPU
		{26680629-2F32-48FD-8F62-2BAA9F947B60}.Release|Any CPU.Build.0 = Release|Any CPU
		{355AADE4-B0BD-471E-8238-91CD8DB96EF4}.Debug|Any CPU.ActiveCfg = Debug|Any CPU
		{355AADE4-B0BD-471E-8238-91CD8DB96EF4}.Debug|Any CPU.Build.0 = Debug|Any CPU
		{355AADE4-B0BD-471E-8238-91CD8DB96EF4}.Release|Any CPU.ActiveCfg = Release|Any CPU
		{355AADE4-B0BD-471E-8238-91CD8DB96EF4}.Release|Any CPU.Build.0 = Release|Any CPU
		{F8A49B3F-706D-4594-973F-CE1400A42043}.Debug|Any CPU.ActiveCfg = Debug|Any CPU
		{F8A49B3F-706D-4594-973F-CE1400A42043}.Debug|Any CPU.Build.0 = Debug|Any CPU
		{F8A49B3F-706D-4594-973F-CE1400A42043}.Release|Any CPU.ActiveCfg = Release|Any CPU
		{F8A49B3F-706D-4594-973F-CE1400A42043}.Release|Any CPU.Build.0 = Release|Any CPU
		{A2443511-BC85-4F65-948F-8BACF1ED7615}.Debug|Any CPU.ActiveCfg = Debug|Any CPU
		{A2443511-BC85-4F65-948F-8BACF1ED7615}.Debug|Any CPU.Build.0 = Debug|Any CPU
		{A2443511-BC85-4F65-948F-8BACF1ED7615}.Release|Any CPU.ActiveCfg = Release|Any CPU
		{A2443511-BC85-4F65-948F-8BACF1ED7615}.Release|Any CPU.Build.0 = Release|Any CPU
		{27D80C72-29B5-4DFA-9C2F-31B5F25AD5C9}.Debug|Any CPU.ActiveCfg = Debug|Any CPU
		{27D80C72-29B5-4DFA-9C2F-31B5F25AD5C9}.Debug|Any CPU.Build.0 = Debug|Any CPU
		{27D80C72-29B5-4DFA-9C2F-31B5F25AD5C9}.Release|Any CPU.ActiveCfg = Release|Any CPU
		{27D80C72-29B5-4DFA-9C2F-31B5F25AD5C9}.Release|Any CPU.Build.0 = Release|Any CPU
		{6694CAD6-11A3-4E48-8ECB-C50B8ADE9591}.Debug|Any CPU.ActiveCfg = Debug|Any CPU
		{6694CAD6-11A3-4E48-8ECB-C50B8ADE9591}.Debug|Any CPU.Build.0 = Debug|Any CPU
		{6694CAD6-11A3-4E48-8ECB-C50B8ADE9591}.Release|Any CPU.ActiveCfg = Release|Any CPU
		{6694CAD6-11A3-4E48-8ECB-C50B8ADE9591}.Release|Any CPU.Build.0 = Release|Any CPU
	EndGlobalSection
	GlobalSection(SolutionProperties) = preSolution
		HideSolutionNode = FALSE
	EndGlobalSection
	GlobalSection(NestedProjects) = preSolution
		{C531BE6C-46C7-4157-B34A-C28C3ADFB0E0} = {30312FAC-0296-467F-B9F0-EA9EEEA15F4E}
		{53B1E25F-959E-4C7D-8005-C91E80F75E1C} = {30312FAC-0296-467F-B9F0-EA9EEEA15F4E}
		{B75554AC-AC2F-4CA9-81A5-B5EEC72FC4A3} = {30312FAC-0296-467F-B9F0-EA9EEEA15F4E}
		{B9D152D8-4BA1-42A1-BF6D-9DF923179279} = {30312FAC-0296-467F-B9F0-EA9EEEA15F4E}
		{5E0C6A40-3C3E-4292-B7CB-A526D3E602AA} = {30312FAC-0296-467F-B9F0-EA9EEEA15F4E}
		{A30834FD-1325-423D-94F5-A0B945ED2D8E} = {30312FAC-0296-467F-B9F0-EA9EEEA15F4E}
		{D582270F-E779-4E25-A3E1-509BCFE921F1} = {30312FAC-0296-467F-B9F0-EA9EEEA15F4E}
		{8B380ADF-A9D6-44A1-BEC1-90A904ADC5EB} = {30312FAC-0296-467F-B9F0-EA9EEEA15F4E}
		{B86FCE1F-7B89-401F-922C-AD6AA256872E} = {30312FAC-0296-467F-B9F0-EA9EEEA15F4E}
		{26680629-2F32-48FD-8F62-2BAA9F947B60} = {30312FAC-0296-467F-B9F0-EA9EEEA15F4E}
		{355AADE4-B0BD-471E-8238-91CD8DB96EF4} = {30312FAC-0296-467F-B9F0-EA9EEEA15F4E}
		{F8A49B3F-706D-4594-973F-CE1400A42043} = {6CC21574-6963-4EA9-8D3B-C1604D22C20A}
		{A2443511-BC85-4F65-948F-8BACF1ED7615} = {6CC21574-6963-4EA9-8D3B-C1604D22C20A}
		{27D80C72-29B5-4DFA-9C2F-31B5F25AD5C9} = {6CC21574-6963-4EA9-8D3B-C1604D22C20A}
		{6694CAD6-11A3-4E48-8ECB-C50B8ADE9591} = {6CC21574-6963-4EA9-8D3B-C1604D22C20A}
	EndGlobalSection
	GlobalSection(ExtensibilityGlobals) = postSolution
		SolutionGuid = {B509C657-FA2A-4951-84A8-BB97E063CA5C}
	EndGlobalSection
EndGlobal
